// !$*UTF8*$!
{
	archiveVersion = 1;
	classes = {
	};
	objectVersion = 50;
	objects = {

/* Begin PBXBuildFile section */
		9080452D219D51470034A10A /* AppDelegate.m in Sources */ = {isa = PBXBuildFile; fileRef = 9080452C219D51470034A10A /* AppDelegate.m */; };
		90804530219D51470034A10A /* ViewController.m in Sources */ = {isa = PBXBuildFile; fileRef = 9080452F219D51470034A10A /* ViewController.m */; };
		90804533219D51470034A10A /* Main.storyboard in Resources */ = {isa = PBXBuildFile; fileRef = 90804531219D51470034A10A /* Main.storyboard */; };
		90804535219D514A0034A10A /* Assets.xcassets in Resources */ = {isa = PBXBuildFile; fileRef = 90804534219D514A0034A10A /* Assets.xcassets */; };
		90804538219D514A0034A10A /* LaunchScreen.storyboard in Resources */ = {isa = PBXBuildFile; fileRef = 90804536219D514A0034A10A /* LaunchScreen.storyboard */; };
		9080453B219D514A0034A10A /* main.m in Sources */ = {isa = PBXBuildFile; fileRef = 9080453A219D514A0034A10A /* main.m */; };
		90804545219D514A0034A10A /* iosThreeTests.m in Sources */ = {isa = PBXBuildFile; fileRef = 90804544219D514A0034A10A /* iosThreeTests.m */; };
		90804550219D514A0034A10A /* iosThreeUITests.m in Sources */ = {isa = PBXBuildFile; fileRef = 9080454F219D514A0034A10A /* iosThreeUITests.m */; };
/* End PBXBuildFile section */

/* Begin PBXContainerItemProxy section */
		90804541219D514A0034A10A /* PBXContainerItemProxy */ = {
			isa = PBXContainerItemProxy;
			containerPortal = 90804520219D51470034A10A /* Project object */;
			proxyType = 1;
			remoteGlobalIDString = 90804527219D51470034A10A;
			remoteInfo = iosThree;
		};
		9080454C219D514A0034A10A /* PBXContainerItemProxy */ = {
			isa = PBXContainerItemProxy;
			containerPortal = 90804520219D51470034A10A /* Project object */;
			proxyType = 1;
			remoteGlobalIDString = 90804527219D51470034A10A;
			remoteInfo = iosThree;
		};
/* End PBXContainerItemProxy section */

/* Begin PBXFileReference section */
		90804528219D51470034A10A /* iosThree.app */ = {isa = PBXFileReference; explicitFileType = wrapper.application; includeInIndex = 0; path = iosThree.app; sourceTree = BUILT_PRODUCTS_DIR; };
		9080452B219D51470034A10A /* AppDelegate.h */ = {isa = PBXFileReference; lastKnownFileType = sourcecode.c.h; path = AppDelegate.h; sourceTree = "<group>"; };
		9080452C219D51470034A10A /* AppDelegate.m */ = {isa = PBXFileReference; lastKnownFileType = sourcecode.c.objc; path = AppDelegate.m; sourceTree = "<group>"; };
		9080452E219D51470034A10A /* ViewController.h */ = {isa = PBXFileReference; lastKnownFileType = sourcecode.c.h; path = ViewController.h; sourceTree = "<group>"; };
		9080452F219D51470034A10A /* ViewController.m */ = {isa = PBXFileReference; lastKnownFileType = sourcecode.c.objc; path = ViewController.m; sourceTree = "<group>"; };
		90804532219D51470034A10A /* Base */ = {isa = PBXFileReference; lastKnownFileType = file.storyboard; name = Base; path = Base.lproj/Main.storyboard; sourceTree = "<group>"; };
		90804534219D514A0034A10A /* Assets.xcassets */ = {isa = PBXFileReference; lastKnownFileType = folder.assetcatalog; path = Assets.xcassets; sourceTree = "<group>"; };
		90804537219D514A0034A10A /* Base */ = {isa = PBXFileReference; lastKnownFileType = file.storyboard; name = Base; path = Base.lproj/LaunchScreen.storyboard; sourceTree = "<group>"; };
		90804539219D514A0034A10A /* Info.plist */ = {isa = PBXFileReference; lastKnownFileType = text.plist.xml; path = Info.plist; sourceTree = "<group>"; };
		9080453A219D514A0034A10A /* main.m */ = {isa = PBXFileReference; lastKnownFileType = sourcecode.c.objc; path = main.m; sourceTree = "<group>"; };
		90804540219D514A0034A10A /* iosThreeTests.xctest */ = {isa = PBXFileReference; explicitFileType = wrapper.cfbundle; includeInIndex = 0; path = iosThreeTests.xctest; sourceTree = BUILT_PRODUCTS_DIR; };
		90804544219D514A0034A10A /* iosThreeTests.m */ = {isa = PBXFileReference; lastKnownFileType = sourcecode.c.objc; path = iosThreeTests.m; sourceTree = "<group>"; };
		90804546219D514A0034A10A /* Info.plist */ = {isa = PBXFileReference; lastKnownFileType = text.plist.xml; path = Info.plist; sourceTree = "<group>"; };
		9080454B219D514A0034A10A /* iosThreeUITests.xctest */ = {isa = PBXFileReference; explicitFileType = wrapper.cfbundle; includeInIndex = 0; path = iosThreeUITests.xctest; sourceTree = BUILT_PRODUCTS_DIR; };
		9080454F219D514A0034A10A /* iosThreeUITests.m */ = {isa = PBXFileReference; lastKnownFileType = sourcecode.c.objc; path = iosThreeUITests.m; sourceTree = "<group>"; };
		90804551219D514A0034A10A /* Info.plist */ = {isa = PBXFileReference; lastKnownFileType = text.plist.xml; path = Info.plist; sourceTree = "<group>"; };
/* End PBXFileReference section */

/* Begin PBXFrameworksBuildPhase section */
		90804525219D51470034A10A /* Frameworks */ = {
			isa = PBXFrameworksBuildPhase;
			buildActionMask = 2147483647;
			files = (
			);
			runOnlyForDeploymentPostprocessing = 0;
		};
		9080453D219D514A0034A10A /* Frameworks */ = {
			isa = PBXFrameworksBuildPhase;
			buildActionMask = 2147483647;
			files = (
			);
			runOnlyForDeploymentPostprocessing = 0;
		};
		90804548219D514A0034A10A /* Frameworks */ = {
			isa = PBXFrameworksBuildPhase;
			buildActionMask = 2147483647;
			files = (
			);
			runOnlyForDeploymentPostprocessing = 0;
		};
/* End PBXFrameworksBuildPhase section */

/* Begin PBXGroup section */
		9080451F219D51470034A10A = {
			isa = PBXGroup;
			children = (
				9080452A219D51470034A10A /* iosThree */,
				90804543219D514A0034A10A /* iosThreeTests */,
				9080454E219D514A0034A10A /* iosThreeUITests */,
				90804529219D51470034A10A /* Products */,
			);
			sourceTree = "<group>";
		};
		90804529219D51470034A10A /* Products */ = {
			isa = PBXGroup;
			children = (
				90804528219D51470034A10A /* iosThree.app */,
				90804540219D514A0034A10A /* iosThreeTests.xctest */,
				9080454B219D514A0034A10A /* iosThreeUITests.xctest */,
			);
			name = Products;
			sourceTree = "<group>";
		};
		9080452A219D51470034A10A /* iosThree */ = {
			isa = PBXGroup;
			children = (
				9080452B219D51470034A10A /* AppDelegate.h */,
				9080452C219D51470034A10A /* AppDelegate.m */,
				9080452E219D51470034A10A /* ViewController.h */,
				9080452F219D51470034A10A /* ViewController.m */,
				90804531219D51470034A10A /* Main.storyboard */,
				90804534219D514A0034A10A /* Assets.xcassets */,
				90804536219D514A0034A10A /* LaunchScreen.storyboard */,
				90804539219D514A0034A10A /* Info.plist */,
				9080453A219D514A0034A10A /* main.m */,
			);
			path = iosThree;
			sourceTree = "<group>";
		};
		90804543219D514A0034A10A /* iosThreeTests */ = {
			isa = PBXGroup;
			children = (
				90804544219D514A0034A10A /* iosThreeTests.m */,
				90804546219D514A0034A10A /* Info.plist */,
			);
			path = iosThreeTests;
			sourceTree = "<group>";
		};
		9080454E219D514A0034A10A /* iosThreeUITests */ = {
			isa = PBXGroup;
			children = (
				9080454F219D514A0034A10A /* iosThreeUITests.m */,
				90804551219D514A0034A10A /* Info.plist */,
			);
			path = iosThreeUITests;
			sourceTree = "<group>";
		};
/* End PBXGroup section */

/* Begin PBXNativeTarget section */
		90804527219D51470034A10A /* iosThree */ = {
			isa = PBXNativeTarget;
			buildConfigurationList = 90804554219D514A0034A10A /* Build configuration list for PBXNativeTarget "iosThree" */;
			buildPhases = (
				90804524219D51470034A10A /* Sources */,
				90804525219D51470034A10A /* Frameworks */,
				90804526219D51470034A10A /* Resources */,
			);
			buildRules = (
			);
			dependencies = (
			);
			name = iosThree;
			productName = iosThree;
			productReference = 90804528219D51470034A10A /* iosThree.app */;
			productType = "com.apple.product-type.application";
		};
		9080453F219D514A0034A10A /* iosThreeTests */ = {
			isa = PBXNativeTarget;
			buildConfigurationList = 90804557219D514A0034A10A /* Build configuration list for PBXNativeTarget "iosThreeTests" */;
			buildPhases = (
				9080453C219D514A0034A10A /* Sources */,
				9080453D219D514A0034A10A /* Frameworks */,
				9080453E219D514A0034A10A /* Resources */,
			);
			buildRules = (
			);
			dependencies = (
				90804542219D514A0034A10A /* PBXTargetDependency */,
			);
			name = iosThreeTests;
			productName = iosThreeTests;
			productReference = 90804540219D514A0034A10A /* iosThreeTests.xctest */;
			productType = "com.apple.product-type.bundle.unit-test";
		};
		9080454A219D514A0034A10A /* iosThreeUITests */ = {
			isa = PBXNativeTarget;
			buildConfigurationList = 9080455A219D514A0034A10A /* Build configuration list for PBXNativeTarget "iosThreeUITests" */;
			buildPhases = (
				90804547219D514A0034A10A /* Sources */,
				90804548219D514A0034A10A /* Frameworks */,
				90804549219D514A0034A10A /* Resources */,
			);
			buildRules = (
			);
			dependencies = (
				9080454D219D514A0034A10A /* PBXTargetDependency */,
			);
			name = iosThreeUITests;
			productName = iosThreeUITests;
			productReference = 9080454B219D514A0034A10A /* iosThreeUITests.xctest */;
			productType = "com.apple.product-type.bundle.ui-testing";
		};
/* End PBXNativeTarget section */

/* Begin PBXProject section */
		90804520219D51470034A10A /* Project object */ = {
			isa = PBXProject;
			attributes = {
				LastUpgradeCheck = 0940;
				ORGANIZATIONNAME = com.zhihundaohe.abc;
				TargetAttributes = {
					90804527219D51470034A10A = {
						CreatedOnToolsVersion = 9.4.1;
					};
					9080453F219D514A0034A10A = {
						CreatedOnToolsVersion = 9.4.1;
						TestTargetID = 90804527219D51470034A10A;
					};
					9080454A219D514A0034A10A = {
						CreatedOnToolsVersion = 9.4.1;
						TestTargetID = 90804527219D51470034A10A;
					};
				};
			};
			buildConfigurationList = 90804523219D51470034A10A /* Build configuration list for PBXProject "iosThree" */;
			compatibilityVersion = "Xcode 9.3";
			developmentRegion = en;
			hasScannedForEncodings = 0;
			knownRegions = (
				en,
				Base,
			);
			mainGroup = 9080451F219D51470034A10A;
			productRefGroup = 90804529219D51470034A10A /* Products */;
			projectDirPath = "";
			projectRoot = "";
			targets = (
				90804527219D51470034A10A /* iosThree */,
				9080453F219D514A0034A10A /* iosThreeTests */,
				9080454A219D514A0034A10A /* iosThreeUITests */,
			);
		};
/* End PBXProject section */

/* Begin PBXResourcesBuildPhase section */
		90804526219D51470034A10A /* Resources */ = {
			isa = PBXResourcesBuildPhase;
			buildActionMask = 2147483647;
			files = (
				90804538219D514A0034A10A /* LaunchScreen.storyboard in Resources */,
				90804535219D514A0034A10A /* Assets.xcassets in Resources */,
				90804533219D51470034A10A /* Main.storyboard in Resources */,
			);
			runOnlyForDeploymentPostprocessing = 0;
		};
		9080453E219D514A0034A10A /* Resources */ = {
			isa = PBXResourcesBuildPhase;
			buildActionMask = 2147483647;
			files = (
			);
			runOnlyForDeploymentPostprocessing = 0;
		};
		90804549219D514A0034A10A /* Resources */ = {
			isa = PBXResourcesBuildPhase;
			buildActionMask = 2147483647;
			files = (
			);
			runOnlyForDeploymentPostprocessing = 0;
		};
/* End PBXResourcesBuildPhase section */

/* Begin PBXSourcesBuildPhase section */
		90804524219D51470034A10A /* Sources */ = {
			isa = PBXSourcesBuildPhase;
			buildActionMask = 2147483647;
			files = (
				90804530219D51470034A10A /* ViewController.m in Sources */,
				9080453B219D514A0034A10A /* main.m in Sources */,
				9080452D219D51470034A10A /* AppDelegate.m in Sources */,
			);
			runOnlyForDeploymentPostprocessing = 0;
		};
		9080453C219D514A0034A10A /* Sources */ = {
			isa = PBXSourcesBuildPhase;
			buildActionMask = 2147483647;
			files = (
				90804545219D514A0034A10A /* iosThreeTests.m in Sources */,
			);
			runOnlyForDeploymentPostprocessing = 0;
		};
		90804547219D514A0034A10A /* Sources */ = {
			isa = PBXSourcesBuildPhase;
			buildActionMask = 2147483647;
			files = (
				90804550219D514A0034A10A /* iosThreeUITests.m in Sources */,
			);
			runOnlyForDeploymentPostprocessing = 0;
		};
/* End PBXSourcesBuildPhase section */

/* Begin PBXTargetDependency section */
		90804542219D514A0034A10A /* PBXTargetDependency */ = {
			isa = PBXTargetDependency;
			target = 90804527219D51470034A10A /* iosThree */;
			targetProxy = 90804541219D514A0034A10A /* PBXContainerItemProxy */;
		};
		9080454D219D514A0034A10A /* PBXTargetDependency */ = {
			isa = PBXTargetDependency;
			target = 90804527219D51470034A10A /* iosThree */;
			targetProxy = 9080454C219D514A0034A10A /* PBXContainerItemProxy */;
		};
/* End PBXTargetDependency section */

/* Begin PBXVariantGroup section */
		90804531219D51470034A10A /* Main.storyboard */ = {
			isa = PBXVariantGroup;
			children = (
				90804532219D51470034A10A /* Base */,
			);
			name = Main.storyboard;
			sourceTree = "<group>";
		};
		90804536219D514A0034A10A /* LaunchScreen.storyboard */ = {
			isa = PBXVariantGroup;
			children = (
				90804537219D514A0034A10A /* Base */,
			);
			name = LaunchScreen.storyboard;
			sourceTree = "<group>";
		};
/* End PBXVariantGroup section */

/* Begin XCBuildConfiguration section */
		90804552219D514A0034A10A /* Debug */ = {
			isa = XCBuildConfiguration;
			buildSettings = {
				ALWAYS_SEARCH_USER_PATHS = NO;
				CLANG_ANALYZER_NONNULL = YES;
				CLANG_ANALYZER_NUMBER_OBJECT_CONVERSION = YES_AGGRESSIVE;
				CLANG_CXX_LANGUAGE_STANDARD = "gnu++14";
				CLANG_CXX_LIBRARY = "libc++";
				CLANG_ENABLE_MODULES = YES;
				CLANG_ENABLE_OBJC_ARC = YES;
				CLANG_ENABLE_OBJC_WEAK = YES;
				CLANG_WARN_BLOCK_CAPTURE_AUTORELEASING = YES;
				CLANG_WARN_BOOL_CONVERSION = YES;
				CLANG_WARN_COMMA = YES;
				CLANG_WARN_CONSTANT_CONVERSION = YES;
				CLANG_WARN_DEPRECATED_OBJC_IMPLEMENTATIONS = YES;
				CLANG_WARN_DIRECT_OBJC_ISA_USAGE = YES_ERROR;
				CLANG_WARN_DOCUMENTATION_COMMENTS = YES;
				CLANG_WARN_EMPTY_BODY = YES;
				CLANG_WARN_ENUM_CONVERSION = YES;
				CLANG_WARN_INFINITE_RECURSION = YES;
				CLANG_WARN_INT_CONVERSION = YES;
				CLANG_WARN_NON_LITERAL_NULL_CONVERSION = YES;
				CLANG_WARN_OBJC_IMPLICIT_RETAIN_SELF = YES;
				CLANG_WARN_OBJC_LITERAL_CONVERSION = YES;
				CLANG_WARN_OBJC_ROOT_CLASS = YES_ERROR;
				CLANG_WARN_RANGE_LOOP_ANALYSIS = YES;
				CLANG_WARN_STRICT_PROTOTYPES = YES;
				CLANG_WARN_SUSPICIOUS_MOVE = YES;
				CLANG_WARN_UNGUARDED_AVAILABILITY = YES_AGGRESSIVE;
				CLANG_WARN_UNREACHABLE_CODE = YES;
				CLANG_WARN__DUPLICATE_METHOD_MATCH = YES;
				CODE_SIGN_IDENTITY = "iPhone Developer";
				COPY_PHASE_STRIP = NO;
				DEBUG_INFORMATION_FORMAT = dwarf;
				ENABLE_STRICT_OBJC_MSGSEND = YES;
				ENABLE_TESTABILITY = YES;
				GCC_C_LANGUAGE_STANDARD = gnu11;
				GCC_DYNAMIC_NO_PIC = NO;
				GCC_NO_COMMON_BLOCKS = YES;
				GCC_OPTIMIZATION_LEVEL = 0;
				GCC_PREPROCESSOR_DEFINITIONS = (
					"DEBUG=1",
					"$(inherited)",
				);
				GCC_WARN_64_TO_32_BIT_CONVERSION = YES;
				GCC_WARN_ABOUT_RETURN_TYPE = YES_ERROR;
				GCC_WARN_UNDECLARED_SELECTOR = YES;
				GCC_WARN_UNINITIALIZED_AUTOS = YES_AGGRESSIVE;
				GCC_WARN_UNUSED_FUNCTION = YES;
				GCC_WARN_UNUSED_VARIABLE = YES;
				IPHONEOS_DEPLOYMENT_TARGET = 11.4;
				MTL_ENABLE_DEBUG_INFO = YES;
				ONLY_ACTIVE_ARCH = YES;
				SDKROOT = iphoneos;
			};
			name = Debug;
		};
		90804553219D514A0034A10A /* Release */ = {
			isa = XCBuildConfiguration;
			buildSettings = {
				ALWAYS_SEARCH_USER_PATHS = NO;
				CLANG_ANALYZER_NONNULL = YES;
				CLANG_ANALYZER_NUMBER_OBJECT_CONVERSION = YES_AGGRESSIVE;
				CLANG_CXX_LANGUAGE_STANDARD = "gnu++14";
				CLANG_CXX_LIBRARY = "libc++";
				CLANG_ENABLE_MODULES = YES;
				CLANG_ENABLE_OBJC_ARC = YES;
				CLANG_ENABLE_OBJC_WEAK = YES;
				CLANG_WARN_BLOCK_CAPTURE_AUTORELEASING = YES;
				CLANG_WARN_BOOL_CONVERSION = YES;
				CLANG_WARN_COMMA = YES;
				CLANG_WARN_CONSTANT_CONVERSION = YES;
				CLANG_WARN_DEPRECATED_OBJC_IMPLEMENTATIONS = YES;
				CLANG_WARN_DIRECT_OBJC_ISA_USAGE = YES_ERROR;
				CLANG_WARN_DOCUMENTATION_COMMENTS = YES;
				CLANG_WARN_EMPTY_BODY = YES;
				CLANG_WARN_ENUM_CONVERSION = YES;
				CLANG_WARN_INFINITE_RECURSION = YES;
				CLANG_WARN_INT_CONVERSION = YES;
				CLANG_WARN_NON_LITERAL_NULL_CONVERSION = YES;
				CLANG_WARN_OBJC_IMPLICIT_RETAIN_SELF = YES;
				CLANG_WARN_OBJC_LITERAL_CONVERSION = YES;
				CLANG_WARN_OBJC_ROOT_CLASS = YES_ERROR;
				CLANG_WARN_RANGE_LOOP_ANALYSIS = YES;
				CLANG_WARN_STRICT_PROTOTYPES = YES;
				CLANG_WARN_SUSPICIOUS_MOVE = YES;
				CLANG_WARN_UNGUARDED_AVAILABILITY = YES_AGGRESSIVE;
				CLANG_WARN_UNREACHABLE_CODE = YES;
				CLANG_WARN__DUPLICATE_METHOD_MATCH = YES;
				CODE_SIGN_IDENTITY = "iPhone Developer";
				COPY_PHASE_STRIP = NO;
				DEBUG_INFORMATION_FORMAT = "dwarf-with-dsym";
				ENABLE_NS_ASSERTIONS = NO;
				ENABLE_STRICT_OBJC_MSGSEND = YES;
				GCC_C_LANGUAGE_STANDARD = gnu11;
				GCC_NO_COMMON_BLOCKS = YES;
				GCC_WARN_64_TO_32_BIT_CONVERSION = YES;
				GCC_WARN_ABOUT_RETURN_TYPE = YES_ERROR;
				GCC_WARN_UNDECLARED_SELECTOR = YES;
				GCC_WARN_UNINITIALIZED_AUTOS = YES_AGGRESSIVE;
				GCC_WARN_UNUSED_FUNCTION = YES;
				GCC_WARN_UNUSED_VARIABLE = YES;
				IPHONEOS_DEPLOYMENT_TARGET = 11.4;
				MTL_ENABLE_DEBUG_INFO = NO;
				SDKROOT = iphoneos;
				VALIDATE_PRODUCT = YES;
			};
			name = Release;
		};
		90804555219D514A0034A10A /* Debug */ = {
			isa = XCBuildConfiguration;
			buildSettings = {
				ASSETCATALOG_COMPILER_APPICON_NAME = AppIcon;
				CODE_SIGN_STYLE = Automatic;
				DEVELOPMENT_TEAM = PHSNY7Y3VJ;
				INFOPLIST_FILE = iosThree/Info.plist;
				LD_RUNPATH_SEARCH_PATHS = (
					"$(inherited)",
					"@executable_path/Frameworks",
				);
				PRODUCT_BUNDLE_IDENTIFIER = com.zhihundaohe.iosThree;
				PRODUCT_NAME = "$(TARGET_NAME)";
				TARGETED_DEVICE_FAMILY = "1,2";
			};
			name = Debug;
		};
		90804556219D514A0034A10A /* Release */ = {
			isa = XCBuildConfiguration;
			buildSettings = {
				ASSETCATALOG_COMPILER_APPICON_NAME = AppIcon;
				CODE_SIGN_STYLE = Automatic;
				DEVELOPMENT_TEAM = PHSNY7Y3VJ;
				INFOPLIST_FILE = iosThree/Info.plist;
				LD_RUNPATH_SEARCH_PATHS = (
					"$(inherited)",
					"@executable_path/Frameworks",
				);
				PRODUCT_BUNDLE_IDENTIFIER = com.zhihundaohe.iosThree;
				PRODUCT_NAME = "$(TARGET_NAME)";
				TARGETED_DEVICE_FAMILY = "1,2";
			};
			name = Release;
		};
		90804558219D514A0034A10A /* Debug */ = {
			isa = XCBuildConfiguration;
			buildSettings = {
				BUNDLE_LOADER = "$(TEST_HOST)";
				CODE_SIGN_STYLE = Automatic;
				DEVELOPMENT_TEAM = PHSNY7Y3VJ;
				INFOPLIST_FILE = iosThreeTests/Info.plist;
				LD_RUNPATH_SEARCH_PATHS = (
					"$(inherited)",
					"@executable_path/Frameworks",
					"@loader_path/Frameworks",
				);
				PRODUCT_BUNDLE_IDENTIFIER = com.zhihundaohe.iosThreeTests;
				PRODUCT_NAME = "$(TARGET_NAME)";
				TARGETED_DEVICE_FAMILY = "1,2";
				TEST_HOST = "$(BUILT_PRODUCTS_DIR)/iosThree.app/iosThree";
			};
			name = Debug;
		};
		90804559219D514A0034A10A /* Release */ = {
			isa = XCBuildConfiguration;
			buildSettings = {
				BUNDLE_LOADER = "$(TEST_HOST)";
				CODE_SIGN_STYLE = Automatic;
				DEVELOPMENT_TEAM = PHSNY7Y3VJ;
				INFOPLIST_FILE = iosThreeTests/Info.plist;
				LD_RUNPATH_SEARCH_PATHS = (
					"$(inherited)",
					"@executable_path/Frameworks",
					"@loader_path/Frameworks",
				);
				PRODUCT_BUNDLE_IDENTIFIER = com.zhihundaohe.iosThreeTests;
				PRODUCT_NAME = "$(TARGET_NAME)";
				TARGETED_DEVICE_FAMILY = "1,2";
				TEST_HOST = "$(BUILT_PRODUCTS_DIR)/iosThree.app/iosThree";
			};
			name = Release;
		};
		9080455B219D514A0034A10A /* Debug */ = {
			isa = XCBuildConfiguration;
			buildSettings = {
				CODE_SIGN_STYLE = Automatic;
				DEVELOPMENT_TEAM = PHSNY7Y3VJ;
				INFOPLIST_FILE = iosThreeUITests/Info.plist;
				LD_RUNPATH_SEARCH_PATHS = (
					"$(inherited)",
					"@executable_path/Frameworks",
					"@loader_path/Frameworks",
				);
				PRODUCT_BUNDLE_IDENTIFIER = com.zhihundaohe.iosThreeUITests;
				PRODUCT_NAME = "$(TARGET_NAME)";
				TARGETED_DEVICE_FAMILY = "1,2";
				TEST_TARGET_NAME = iosThree;
			};
			name = Debug;
		};
		9080455C219D514A0034A10A /* Release */ = {
			isa = XCBuildConfiguration;
			buildSettings = {
				CODE_SIGN_STYLE = Automatic;
				DEVELOPMENT_TEAM = PHSNY7Y3VJ;
				INFOPLIST_FILE = iosThreeUITests/Info.plist;
				LD_RUNPATH_SEARCH_PATHS = (
					"$(inherited)",
					"@executable_path/Frameworks",
					"@loader_path/Frameworks",
				);
				PRODUCT_BUNDLE_IDENTIFIER = com.zhihundaohe.iosThreeUITests;
				PRODUCT_NAME = "$(TARGET_NAME)";
				TARGETED_DEVICE_FAMILY = "1,2";
				TEST_TARGET_NAME = iosThree;
			};
			name = Release;
		};
/* End XCBuildConfiguration section */

/* Begin XCConfigurationList section */
		90804523219D51470034A10A /* Build configuration list for PBXProject "iosThree" */ = {
			isa = XCConfigurationList;
			buildConfigurations = (
				90804552219D514A0034A10A /* Debug */,
				90804553219D514A0034A10A /* Release */,
			);
			defaultConfigurationIsVisible = 0;
			defaultConfigurationName = Release;
		};
		90804554219D514A0034A10A /* Build configuration list for PBXNativeTarget "iosThree" */ = {
			isa = XCConfigurationList;
			buildConfigurations = (
				90804555219D514A0034A10A /* Debug */,
				90804556219D514A0034A10A /* Release */,
			);
			defaultConfigurationIsVisible = 0;
			defaultConfigurationName = Release;
		};
		90804557219D514A0034A10A /* Build configuration list for PBXNativeTarget "iosThreeTests" */ = {
			isa = XCConfigurationList;
			buildConfigurations = (
				90804558219D514A0034A10A /* Debug */,
				90804559219D514A0034A10A /* Release */,
			);
			defaultConfigurationIsVisible = 0;
			defaultConfigurationName = Release;
		};
		9080455A219D514A0034A10A /* Build configuration list for PBXNativeTarget "iosThreeUITests" */ = {
			isa = XCConfigurationList;
			buildConfigurations = (
				9080455B219D514A0034A10A /* Debug */,
				9080455C219D514A0034A10A /* Release */,
			);
			defaultConfigurationIsVisible = 0;
			defaultConfigurationName = Release;
		};
/* End XCConfigurationList section */
	};
	rootObject = 90804520219D51470034A10A /* Project object */;
}
